
Microsoft Visual Studio Solution File, Format Version 12.00
# Visual Studio Version 17
VisualStudioVersion = 17.6.33815.320
MinimumVisualStudioVersion = 10.0.40219.1
Project("{FAE04EC0-301F-11D3-BF4B-00C04F79EFBC}") = "WeatherView", "WeatherView\WeatherView.csproj", "{968E41EC-33BA-4401-AAB5-EC639FDA9342}"
EndProject
Global
	GlobalSection(SolutionConfigurationPlatforms) = preSolution
		Debug|Any CPU = Debug|Any CPU
		Release|Any CPU = Release|Any CPU
	EndGlobalSection
	GlobalSection(ProjectConfigurationPlatforms) = postSolution
		{968E41EC-33BA-4401-AAB5-EC639FDA9342}.Debug|Any CPU.ActiveCfg = Debug|Any CPU
		{968E41EC-33BA-4401-AAB5-EC639FDA9342}.Debug|Any CPU.Build.0 = Debug|Any CPU
		{968E41EC-33BA-4401-AAB5-EC639FDA9342}.Release|Any CPU.ActiveCfg = Release|Any CPU
		{968E41EC-33BA-4401-AAB5-EC639FDA9342}.Release|Any CPU.Build.0 = Release|Any CPU
	EndGlobalSection
	GlobalSection(SolutionProperties) = preSolution
		HideSolutionNode = FALSE
	EndGlobalSection
	GlobalSection(ExtensibilityGlobals) = postSolution
		SolutionGuid = {7CA2962F-2CDC-4197-8F6D-FF0C3392710F}
	EndGlobalSection
EndGlobal
